
Microsoft Visual Studio Solution File, Format Version 12.00
# Visual Studio Version 16
VisualStudioVersion = 16.0.31515.178
MinimumVisualStudioVersion = 10.0.40219.1
Project("{FAE04EC0-301F-11D3-BF4B-00C04F79EFBC}") = "ConsoleUI", "ConsoleUI\ConsoleUI.csproj", "{F1313877-671F-482F-955F-CC653273B80F}"
EndProject
Global
	GlobalSection(SolutionConfigurationPlatforms) = preSolution
		Debug|Any CPU = Debug|Any CPU
		Release|Any CPU = Release|Any CPU
	EndGlobalSection
	GlobalSection(ProjectConfigurationPlatforms) = postSolution
		{F1313877-671F-482F-955F-CC653273B80F}.Debug|Any CPU.ActiveCfg = Debug|Any CPU
		{F1313877-671F-482F-955F-CC653273B80F}.Debug|Any CPU.Build.0 = Debug|Any CPU
		{F1313877-671F-482F-955F-CC653273B80F}.Release|Any CPU.ActiveCfg = Release|Any CPU
		{F1313877-671F-482F-955F-CC653273B80F}.Release|Any CPU.Build.0 = Release|Any CPU
	EndGlobalSection
	GlobalSection(SolutionProperties) = preSolution
		HideSolutionNode = FALSE
	EndGlobalSection
	GlobalSection(ExtensibilityGlobals) = postSolution
		SolutionGuid = {75CB01D9-DE4C-4D11-B8C6-632015199599}
	EndGlobalSection
EndGlobal
